// !$*UTF8*$!
{
	archiveVersion = 1;
	classes = {
	};
	objectVersion = 50;
	objects = {

/* Begin PBXBuildFile section */
		2D5648852090FA7600021836 /* AppDelegate.swift in Sources */ = {isa = PBXBuildFile; fileRef = 2D5648842090FA7600021836 /* AppDelegate.swift */; };
		2D5648872090FA7600021836 /* ViewController.swift in Sources */ = {isa = PBXBuildFile; fileRef = 2D5648862090FA7600021836 /* ViewController.swift */; };
		2D56488A2090FA7600021836 /* Main.storyboard in Resources */ = {isa = PBXBuildFile; fileRef = 2D5648882090FA7600021836 /* Main.storyboard */; };
		2D56488C2090FA7C00021836 /* Assets.xcassets in Resources */ = {isa = PBXBuildFile; fileRef = 2D56488B2090FA7C00021836 /* Assets.xcassets */; };
		2D56488F2090FA7C00021836 /* LaunchScreen.storyboard in Resources */ = {isa = PBXBuildFile; fileRef = 2D56488D2090FA7C00021836 /* LaunchScreen.storyboard */; };
		2D56489A2090FA7C00021836 /* TouchMotionTests.swift in Sources */ = {isa = PBXBuildFile; fileRef = 2D5648992090FA7C00021836 /* TouchMotionTests.swift */; };
/* End PBXBuildFile section */

/* Begin PBXContainerItemProxy section */
		2D5648962090FA7C00021836 /* PBXContainerItemProxy */ = {
			isa = PBXContainerItemProxy;
			containerPortal = 2D5648792090FA7600021836 /* Project object */;
			proxyType = 1;
			remoteGlobalIDString = 2D5648802090FA7600021836;
			remoteInfo = TouchMotion;
		};
/* End PBXContainerItemProxy section */

/* Begin PBXFileReference section */
		2D5648812090FA7600021836 /* TouchMotion.app */ = {isa = PBXFileReference; explicitFileType = wrapper.application; includeInIndex = 0; path = TouchMotion.app; sourceTree = BUILT_PRODUCTS_DIR; };
		2D5648842090FA7600021836 /* AppDelegate.swift */ = {isa = PBXFileReference; lastKnownFileType = sourcecode.swift; path = AppDelegate.swift; sourceTree = "<group>"; };
		2D5648862090FA7600021836 /* ViewController.swift */ = {isa = PBXFileReference; lastKnownFileType = sourcecode.swift; path = ViewController.swift; sourceTree = "<group>"; };
		2D5648892090FA7600021836 /* Base */ = {isa = PBXFileReference; lastKnownFileType = file.storyboard; name = Base; path = Base.lproj/Main.storyboard; sourceTree = "<group>"; };
		2D56488B2090FA7C00021836 /* Assets.xcassets */ = {isa = PBXFileReference; lastKnownFileType = folder.assetcatalog; path = Assets.xcassets; sourceTree = "<group>"; };
		2D56488E2090FA7C00021836 /* Base */ = {isa = PBXFileReference; lastKnownFileType = file.storyboard; name = Base; path = Base.lproj/LaunchScreen.storyboard; sourceTree = "<group>"; };
		2D5648902090FA7C00021836 /* Info.plist */ = {isa = PBXFileReference; lastKnownFileType = text.plist.xml; path = Info.plist; sourceTree = "<group>"; };
		2D5648952090FA7C00021836 /* TouchMotionTests.xctest */ = {isa = PBXFileReference; explicitFileType = wrapper.cfbundle; includeInIndex = 0; path = TouchMotionTests.xctest; sourceTree = BUILT_PRODUCTS_DIR; };
		2D5648992090FA7C00021836 /* TouchMotionTests.swift */ = {isa = PBXFileReference; lastKnownFileType = sourcecode.swift; path = TouchMotionTests.swift; sourceTree = "<group>"; };
		2D56489B2090FA7C00021836 /* Info.plist */ = {isa = PBXFileReference; lastKnownFileType = text.plist.xml; path = Info.plist; sourceTree = "<group>"; };
/* End PBXFileReference section */

/* Begin PBXFrameworksBuildPhase section */
		2D56487E2090FA7600021836 /* Frameworks */ = {
			isa = PBXFrameworksBuildPhase;
			buildActionMask = 2147483647;
			files = (
			);
			runOnlyForDeploymentPostprocessing = 0;
		};
		2D5648922090FA7C00021836 /* Frameworks */ = {
			isa = PBXFrameworksBuildPhase;
			buildActionMask = 2147483647;
			files = (
			);
			runOnlyForDeploymentPostprocessing = 0;
		};
/* End PBXFrameworksBuildPhase section */

/* Begin PBXGroup section */
		2D5648782090FA7600021836 = {
			isa = PBXGroup;
			children = (
				2D5648832090FA7600021836 /* TouchMotion */,
				2D5648982090FA7C00021836 /* TouchMotionTests */,
				2D5648822090FA7600021836 /* Products */,
			);
			sourceTree = "<group>";
		};
		2D5648822090FA7600021836 /* Products */ = {
			isa = PBXGroup;
			children = (
				2D5648812090FA7600021836 /* TouchMotion.app */,
				2D5648952090FA7C00021836 /* TouchMotionTests.xctest */,
			);
			name = Products;
			sourceTree = "<group>";
		};
		2D5648832090FA7600021836 /* TouchMotion */ = {
			isa = PBXGroup;
			children = (
				2D5648842090FA7600021836 /* AppDelegate.swift */,
				2D5648862090FA7600021836 /* ViewController.swift */,
				2D5648882090FA7600021836 /* Main.storyboard */,
				2D56488B2090FA7C00021836 /* Assets.xcassets */,
				2D56488D2090FA7C00021836 /* LaunchScreen.storyboard */,
				2D5648902090FA7C00021836 /* Info.plist */,
			);
			path = TouchMotion;
			sourceTree = "<group>";
		};
		2D5648982090FA7C00021836 /* TouchMotionTests */ = {
			isa = PBXGroup;
			children = (
				2D5648992090FA7C00021836 /* TouchMotionTests.swift */,
				2D56489B2090FA7C00021836 /* Info.plist */,
			);
			path = TouchMotionTests;
			sourceTree = "<group>";
		};
/* End PBXGroup section */

/* Begin PBXNativeTarget section */
		2D5648802090FA7600021836 /* TouchMotion */ = {
			isa = PBXNativeTarget;
			buildConfigurationList = 2D56489E2090FA7C00021836 /* Build configuration list for PBXNativeTarget "TouchMotion" */;
			buildPhases = (
				2D56487D2090FA7600021836 /* Sources */,
				2D56487E2090FA7600021836 /* Frameworks */,
				2D56487F2090FA7600021836 /* Resources */,
			);
			buildRules = (
			);
			dependencies = (
			);
			name = TouchMotion;
			productName = TouchMotion;
			productReference = 2D5648812090FA7600021836 /* TouchMotion.app */;
			productType = "com.apple.product-type.application";
		};
		2D5648942090FA7C00021836 /* TouchMotionTests */ = {
			isa = PBXNativeTarget;
			buildConfigurationList = 2D5648A12090FA7C00021836 /* Build configuration list for PBXNativeTarget "TouchMotionTests" */;
			buildPhases = (
				2D5648912090FA7C00021836 /* Sources */,
				2D5648922090FA7C00021836 /* Frameworks */,
				2D5648932090FA7C00021836 /* Resources */,
			);
			buildRules = (
			);
			dependencies = (
				2D5648972090FA7C00021836 /* PBXTargetDependency */,
			);
			name = TouchMotionTests;
			productName = TouchMotionTests;
			productReference = 2D5648952090FA7C00021836 /* TouchMotionTests.xctest */;
			productType = "com.apple.product-type.bundle.unit-test";
		};
/* End PBXNativeTarget section */

/* Begin PBXProject section */
		2D5648792090FA7600021836 /* Project object */ = {
			isa = PBXProject;
			attributes = {
				LastSwiftUpdateCheck = 0930;
				LastUpgradeCheck = 0930;
				ORGANIZATIONNAME = "Douglas Alexander";
				TargetAttributes = {
					2D5648802090FA7600021836 = {
						CreatedOnToolsVersion = 9.3;
					};
					2D5648942090FA7C00021836 = {
						CreatedOnToolsVersion = 9.3;
						TestTargetID = 2D5648802090FA7600021836;
					};
				};
			};
			buildConfigurationList = 2D56487C2090FA7600021836 /* Build configuration list for PBXProject "TouchMotion" */;
			compatibilityVersion = "Xcode 9.3";
			developmentRegion = en;
			hasScannedForEncodings = 0;
			knownRegions = (
				en,
				Base,
			);
			mainGroup = 2D5648782090FA7600021836;
			productRefGroup = 2D5648822090FA7600021836 /* Products */;
			projectDirPath = "";
			projectRoot = "";
			targets = (
				2D5648802090FA7600021836 /* TouchMotion */,
				2D5648942090FA7C00021836 /* TouchMotionTests */,
			);
		};
/* End PBXProject section */

/* Begin PBXResourcesBuildPhase section */
		2D56487F2090FA7600021836 /* Resources */ = {
			isa = PBXResourcesBuildPhase;
			buildActionMask = 2147483647;
			files = (
				2D56488F2090FA7C00021836 /* LaunchScreen.storyboard in Resources */,
				2D56488C2090FA7C00021836 /* Assets.xcassets in Resources */,
				2D56488A2090FA7600021836 /* Main.storyboard in Resources */,
			);
			runOnlyForDeploymentPostprocessing = 0;
		};
		2D5648932090FA7C00021836 /* Resources */ = {
			isa = PBXResourcesBuildPhase;
			buildActionMask = 2147483647;
			files = (
			);
			runOnlyForDeploymentPostprocessing = 0;
		};
/* End PBXResourcesBuildPhase section */

/* Begin PBXSourcesBuildPhase section */
		2D56487D2090FA7600021836 /* Sources */ = {
			isa = PBXSourcesBuildPhase;
			buildActionMask = 2147483647;
			files = (
				2D5648872090FA7600021836 /* ViewController.swift in Sources */,
				2D5648852090FA7600021836 /* AppDelegate.swift in Sources */,
			);
			runOnlyForDeploymentPostprocessing = 0;
		};
		2D5648912090FA7C00021836 /* Sources */ = {
			isa = PBXSourcesBuildPhase;
			buildActionMask = 2147483647;
			files = (
				2D56489A2090FA7C00021836 /* TouchMotionTests.swift in Sources */,
			);
			runOnlyForDeploymentPostprocessing = 0;
		};
/* End PBXSourcesBuildPhase section */

/* Begin PBXTargetDependency section */
		2D5648972090FA7C00021836 /* PBXTargetDependency */ = {
			isa = PBXTargetDependency;
			target = 2D5648802090FA7600021836 /* TouchMotion */;
			targetProxy = 2D5648962090FA7C00021836 /* PBXContainerItemProxy */;
		};
/* End PBXTargetDependency section */

/* Begin PBXVariantGroup section */
		2D5648882090FA7600021836 /* Main.storyboard */ = {
			isa = PBXVariantGroup;
			children = (
				2D5648892090FA7600021836 /* Base */,
			);
			name = Main.storyboard;
			sourceTree = "<group>";
		};
		2D56488D2090FA7C00021836 /* LaunchScreen.storyboard */ = {
			isa = PBXVariantGroup;
			children = (
				2D56488E2090FA7C00021836 /* Base */,
			);
			name = LaunchScreen.storyboard;
			sourceTree = "<group>";
		};
/* End PBXVariantGroup section */

/* Begin XCBuildConfiguration section */
		2D56489C2090FA7C00021836 /* Debug */ = {
			isa = XCBuildConfiguration;
			buildSettings = {
				ALWAYS_SEARCH_USER_PATHS = NO;
				CLANG_ANALYZER_NONNULL = YES;
				CLANG_ANALYZER_NUMBER_OBJECT_CONVERSION = YES_AGGRESSIVE;
				CLANG_CXX_LANGUAGE_STANDARD = "gnu++14";
				CLANG_CXX_LIBRARY = "libc++";
				CLANG_ENABLE_MODULES = YES;
				CLANG_ENABLE_OBJC_ARC = YES;
				CLANG_ENABLE_OBJC_WEAK = YES;
				CLANG_WARN_BLOCK_CAPTURE_AUTORELEASING = YES;
				CLANG_WARN_BOOL_CONVERSION = YES;
				CLANG_WARN_COMMA = YES;
				CLANG_WARN_CONSTANT_CONVERSION = YES;
				CLANG_WARN_DEPRECATED_OBJC_IMPLEMENTATIONS = YES;
				CLANG_WARN_DIRECT_OBJC_ISA_USAGE = YES_ERROR;
				CLANG_WARN_DOCUMENTATION_COMMENTS = YES;
				CLANG_WARN_EMPTY_BODY = YES;
				CLANG_WARN_ENUM_CONVERSION = YES;
				CLANG_WARN_INFINITE_RECURSION = YES;
				CLANG_WARN_INT_CONVERSION = YES;
				CLANG_WARN_NON_LITERAL_NULL_CONVERSION = YES;
				CLANG_WARN_OBJC_IMPLICIT_RETAIN_SELF = YES;
				CLANG_WARN_OBJC_LITERAL_CONVERSION = YES;
				CLANG_WARN_OBJC_ROOT_CLASS = YES_ERROR;
				CLANG_WARN_RANGE_LOOP_ANALYSIS = YES;
				CLANG_WARN_STRICT_PROTOTYPES = YES;
				CLANG_WARN_SUSPICIOUS_MOVE = YES;
				CLANG_WARN_UNGUARDED_AVAILABILITY = YES_AGGRESSIVE;
				CLANG_WARN_UNREACHABLE_CODE = YES;
				CLANG_WARN__DUPLICATE_METHOD_MATCH = YES;
				CODE_SIGN_IDENTITY = "iPhone Developer";
				COPY_PHASE_STRIP = NO;
				DEBUG_INFORMATION_FORMAT = dwarf;
				ENABLE_STRICT_OBJC_MSGSEND = YES;
				ENABLE_TESTABILITY = YES;
				GCC_C_LANGUAGE_STANDARD = gnu11;
				GCC_DYNAMIC_NO_PIC = NO;
				GCC_NO_COMMON_BLOCKS = YES;
				GCC_OPTIMIZATION_LEVEL = 0;
				GCC_PREPROCESSOR_DEFINITIONS = (
					"DEBUG=1",
					"$(inherited)",
				);
				GCC_WARN_64_TO_32_BIT_CONVERSION = YES;
				GCC_WARN_ABOUT_RETURN_TYPE = YES_ERROR;
				GCC_WARN_UNDECLARED_SELECTOR = YES;
				GCC_WARN_UNINITIALIZED_AUTOS = YES_AGGRESSIVE;
				GCC_WARN_UNUSED_FUNCTION = YES;
				GCC_WARN_UNUSED_VARIABLE = YES;
				IPHONEOS_DEPLOYMENT_TARGET = 11.3;
				MTL_ENABLE_DEBUG_INFO = YES;
				ONLY_ACTIVE_ARCH = YES;
				SDKROOT = iphoneos;
				SWIFT_ACTIVE_COMPILATION_CONDITIONS = DEBUG;
				SWIFT_OPTIMIZATION_LEVEL = "-Onone";
			};
			name = Debug;
		};
		2D56489D2090FA7C00021836 /* Release */ = {
			isa = XCBuildConfiguration;
			buildSettings = {
				ALWAYS_SEARCH_USER_PATHS = NO;
				CLANG_ANALYZER_NONNULL = YES;
				CLANG_ANALYZER_NUMBER_OBJECT_CONVERSION = YES_AGGRESSIVE;
				CLANG_CXX_LANGUAGE_STANDARD = "gnu++14";
				CLANG_CXX_LIBRARY = "libc++";
				CLANG_ENABLE_MODULES = YES;
				CLANG_ENABLE_OBJC_ARC = YES;
				CLANG_ENABLE_OBJC_WEAK = YES;
				CLANG_WARN_BLOCK_CAPTURE_AUTORELEASING = YES;
				CLANG_WARN_BOOL_CONVERSION = YES;
				CLANG_WARN_COMMA = YES;
				CLANG_WARN_CONSTANT_CONVERSION = YES;
				CLANG_WARN_DEPRECATED_OBJC_IMPLEMENTATIONS = YES;
				CLANG_WARN_DIRECT_OBJC_ISA_USAGE = YES_ERROR;
				CLANG_WARN_DOCUMENTATION_COMMENTS = YES;
				CLANG_WARN_EMPTY_BODY = YES;
				CLANG_WARN_ENUM_CONVERSION = YES;
				CLANG_WARN_INFINITE_RECURSION = YES;
				CLANG_WARN_INT_CONVERSION = YES;
				CLANG_WARN_NON_LITERAL_NULL_CONVERSION = YES;
				CLANG_WARN_OBJC_IMPLICIT_RETAIN_SELF = YES;
				CLANG_WARN_OBJC_LITERAL_CONVERSION = YES;
				CLANG_WARN_OBJC_ROOT_CLASS = YES_ERROR;
				CLANG_WARN_RANGE_LOOP_ANALYSIS = YES;
				CLANG_WARN_STRICT_PROTOTYPES = YES;
				CLANG_WARN_SUSPICIOUS_MOVE = YES;
				CLANG_WARN_UNGUARDED_AVAILABILITY = YES_AGGRESSIVE;
				CLANG_WARN_UNREACHABLE_CODE = YES;
				CLANG_WARN__DUPLICATE_METHOD_MATCH = YES;
				CODE_SIGN_IDENTITY = "iPhone Developer";
				COPY_PHASE_STRIP = NO;
				DEBUG_INFORMATION_FORMAT = "dwarf-with-dsym";
				ENABLE_NS_ASSERTIONS = NO;
				ENABLE_STRICT_OBJC_MSGSEND = YES;
				GCC_C_LANGUAGE_STANDARD = gnu11;
				GCC_NO_COMMON_BLOCKS = YES;
				GCC_WARN_64_TO_32_BIT_CONVERSION = YES;
				GCC_WARN_ABOUT_RETURN_TYPE = YES_ERROR;
				GCC_WARN_UNDECLARED_SELECTOR = YES;
				GCC_WARN_UNINITIALIZED_AUTOS = YES_AGGRESSIVE;
				GCC_WARN_UNUSED_FUNCTION = YES;
				GCC_WARN_UNUSED_VARIABLE = YES;
				IPHONEOS_DEPLOYMENT_TARGET = 11.3;
				MTL_ENABLE_DEBUG_INFO = NO;
				SDKROOT = iphoneos;
				SWIFT_COMPILATION_MODE = wholemodule;
				SWIFT_OPTIMIZATION_LEVEL = "-O";
				VALIDATE_PRODUCT = YES;
			};
			name = Release;
		};
		2D56489F2090FA7C00021836 /* Debug */ = {
			isa = XCBuildConfiguration;
			buildSettings = {
				ASSETCATALOG_COMPILER_APPICON_NAME = AppIcon;
				CODE_SIGN_STYLE = Automatic;
				DEVELOPMENT_TEAM = V6969S7D62;
				INFOPLIST_FILE = TouchMotion/Info.plist;
				LD_RUNPATH_SEARCH_PATHS = (
					"$(inherited)",
					"@executable_path/Frameworks",
				);
				PRODUCT_BUNDLE_IDENTIFIER = com.gwc.TouchMotion;
				PRODUCT_NAME = "$(TARGET_NAME)";
				SWIFT_VERSION = 4.0;
				TARGETED_DEVICE_FAMILY = "1,2";
			};
			name = Debug;
		};
		2D5648A02090FA7C00021836 /* Release */ = {
			isa = XCBuildConfiguration;
			buildSettings = {
				ASSETCATALOG_COMPILER_APPICON_NAME = AppIcon;
				CODE_SIGN_STYLE = Automatic;
				DEVELOPMENT_TEAM = V6969S7D62;
				INFOPLIST_FILE = TouchMotion/Info.plist;
				LD_RUNPATH_SEARCH_PATHS = (
					"$(inherited)",
					"@executable_path/Frameworks",
				);
				PRODUCT_BUNDLE_IDENTIFIER = com.gwc.TouchMotion;
				PRODUCT_NAME = "$(TARGET_NAME)";
				SWIFT_VERSION = 4.0;
				TARGETED_DEVICE_FAMILY = "1,2";
			};
			name = Release;
		};
		2D5648A22090FA7C00021836 /* Debug */ = {
			isa = XCBuildConfiguration;
			buildSettings = {
				ALWAYS_EMBED_SWIFT_STANDARD_LIBRARIES = YES;
				BUNDLE_LOADER = "$(TEST_HOST)";
				CODE_SIGN_STYLE = Automatic;
				DEVELOPMENT_TEAM = V6969S7D62;
				INFOPLIST_FILE = TouchMotionTests/Info.plist;
				LD_RUNPATH_SEARCH_PATHS = (
					"$(inherited)",
					"@executable_path/Frameworks",
					"@loader_path/Frameworks",
				);
				PRODUCT_BUNDLE_IDENTIFIER = com.gwc.TouchMotionTests;
				PRODUCT_NAME = "$(TARGET_NAME)";
				SWIFT_VERSION = 4.0;
				TARGETED_DEVICE_FAMILY = "1,2";
				TEST_HOST = "$(BUILT_PRODUCTS_DIR)/TouchMotion.app/TouchMotion";
			};
			name = Debug;
		};
		2D5648A32090FA7C00021836 /* Release */ = {
			isa = XCBuildConfiguration;
			buildSettings = {
				ALWAYS_EMBED_SWIFT_STANDARD_LIBRARIES = YES;
				BUNDLE_LOADER = "$(TEST_HOST)";
				CODE_SIGN_STYLE = Automatic;
				DEVELOPMENT_TEAM = V6969S7D62;
				INFOPLIST_FILE = TouchMotionTests/Info.plist;
				LD_RUNPATH_SEARCH_PATHS = (
					"$(inherited)",
					"@executable_path/Frameworks",
					"@loader_path/Frameworks",
				);
				PRODUCT_BUNDLE_IDENTIFIER = com.gwc.TouchMotionTests;
				PRODUCT_NAME = "$(TARGET_NAME)";
				SWIFT_VERSION = 4.0;
				TARGETED_DEVICE_FAMILY = "1,2";
				TEST_HOST = "$(BUILT_PRODUCTS_DIR)/TouchMotion.app/TouchMotion";
			};
			name = Release;
		};
/* End XCBuildConfiguration section */

/* Begin XCConfigurationList section */
		2D56487C2090FA7600021836 /* Build configuration list for PBXProject "TouchMotion" */ = {
			isa = XCConfigurationList;
			buildConfigurations = (
				2D56489C2090FA7C00021836 /* Debug */,
				2D56489D2090FA7C00021836 /* Release */,
			);
			defaultConfigurationIsVisible = 0;
			defaultConfigurationName = Release;
		};
		2D56489E2090FA7C00021836 /* Build configuration list for PBXNativeTarget "TouchMotion" */ = {
			isa = XCConfigurationList;
			buildConfigurations = (
				2D56489F2090FA7C00021836 /* Debug */,
				2D5648A02090FA7C00021836 /* Release */,
			);
			defaultConfigurationIsVisible = 0;
			defaultConfigurationName = Release;
		};
		2D5648A12090FA7C00021836 /* Build configuration list for PBXNativeTarget "TouchMotionTests" */ = {
			isa = XCConfigurationList;
			buildConfigurations = (
				2D5648A22090FA7C00021836 /* Debug */,
				2D5648A32090FA7C00021836 /* Release */,
			);
			defaultConfigurationIsVisible = 0;
			defaultConfigurationName = Release;
		};
/* End XCConfigurationList section */
	};
	rootObject = 2D5648792090FA7600021836 /* Project object */;
}
